<?xml version="1.0" encoding="utf-8"?>
<Project ToolsVersion="4.0" xmlns="http://schemas.microsoft.com/developer/msbuild/2003">
  <ItemGroup>
    <Filter Include="Source Files">
      <UniqueIdentifier>{4FC737F1-C7A5-4376-A066-2A32D752A2FF}</UniqueIdentifier>
      <Extensions>cpp;c;cc;cxx;def;odl;idl;hpj;bat;asm;asmx</Extensions>
    </Filter>
    <Filter Include="Header Files">
      <UniqueIdentifier>{93995380-89BD-4b04-88EB-625FBE52EBFB}</UniqueIdentifier>
      <Extensions>h;hh;hpp;hxx;hm;inl;inc;ipp;xsd</Extensions>
    </Filter>
    <Filter Include="Resource Files">
      <UniqueIdentifier>{67DA6AB6-F800-4c08-8B7A-83BB121AAD01}</UniqueIdentifier>
      <Extensions>rc;ico;cur;bmp;dlg;rc2;rct;bin;rgs;gif;jpg;jpeg;jpe;resx;tiff;tif;png;wav;mfcribbon-ms</Extensions>
    </Filter>
  </ItemGroup>
  <ItemGroup>
    <ClCompile Include="StartMenuForm.cpp">
      <Filter>Source Files</Filter>
    </ClCompile>
    <ClCompile Include="LogInForStaffForm.cpp">
      <Filter>Source Files</Filter>
    </ClCompile>
    <ClCompile Include="EditAndViewDBForm.cpp">
      <Filter>Source Files</Filter>
    </ClCompile>
    <ClCompile Include="MenuForStaffForm.cpp">
      <Filter>Source Files</Filter>
    </ClCompile>
    <ClCompile Include="AddEntrysForm.cpp">
      <Filter>Source Files</Filter>
    </ClCompile>
    <ClCompile Include="EditEntrysForm.cpp">
      <Filter>Source Files</Filter>
    </ClCompile>
    <ClCompile Include="SortMethodForm.cpp">
      <Filter>Source Files</Filter>
    </ClCompile>
    <ClCompile Include="AdvancedSearchForm.cpp">
      <Filter>Source Files</Filter>
    </ClCompile>
    <ClCompile Include="HystoryOfBuyForm.cpp">
      <Filter>Source Files</Filter>
    </ClCompile>
    <ClCompile Include="HystorySortMethodForm.cpp">
      <Filter>Source Files</Filter>
    </ClCompile>
    <ClCompile Include="HystoryAdvanedSearchForm.cpp">
      <Filter>Source Files</Filter>
    </ClCompile>
  </ItemGroup>
  <ItemGroup>
    <ClInclude Include="StartMenuForm.h">
      <Filter>Header Files</Filter>
    </ClInclude>
    <ClInclude Include="LogInForStaffForm.h">
      <Filter>Header Files</Filter>
    </ClInclude>
    <ClInclude Include="EditAndViewDBForm.h">
      <Filter>Header Files</Filter>
    </ClInclude>
    <ClInclude Include="MenuForStaffForm.h">
      <Filter>Header Files</Filter>
    </ClInclude>
    <ClInclude Include="AddEntrysForm.h">
      <Filter>Header Files</Filter>
    </ClInclude>
    <ClInclude Include="EditEntrysForm.h">
      <Filter>Header Files</Filter>
    </ClInclude>
    <ClInclude Include="SortMethodForm.h">
      <Filter>Header Files</Filter>
    </ClInclude>
    <ClInclude Include="AdvancedSearchForm.h">
      <Filter>Header Files</Filter>
    </ClInclude>
    <ClInclude Include="HystoryOfBuyForm.h">
      <Filter>Header Files</Filter>
    </ClInclude>
    <ClInclude Include="HystorySortMethodForm.h">
      <Filter>Header Files</Filter>
    </ClInclude>
    <ClInclude Include="HystoryAdvanedSearchForm.h">
      <Filter>Header Files</Filter>
    </ClInclude>
  </ItemGroup>
  <ItemGroup>
    <EmbeddedResource Include="StartMenuForm.resx">
      <Filter>Resource Files</Filter>
    </EmbeddedResource>
    <EmbeddedResource Include="LogInForStaffForm.resx">
      <Filter>Resource Files</Filter>
    </EmbeddedResource>
    <EmbeddedResource Include="EditAndViewDBForm.resx">
      <Filter>Resource Files</Filter>
    </EmbeddedResource>
    <EmbeddedResource Include="MenuForStaffForm.resx">
      <Filter>Resource Files</Filter>
    </EmbeddedResource>
    <EmbeddedResource Include="AddEntrysForm.resx">
      <Filter>Resource Files</Filter>
    </EmbeddedResource>
    <EmbeddedResource Include="EditEntrysForm.resx">
      <Filter>Resource Files</Filter>
    </EmbeddedResource>
    <EmbeddedResource Include="SortMethodForm.resx">
      <Filter>Resource Files</Filter>
    </EmbeddedResource>
    <EmbeddedResource Include="AdvancedSearchForm.resx">
      <Filter>Resource Files</Filter>
    </EmbeddedResource>
    <EmbeddedResource Include="HystoryOfBuyForm.resx">
      <Filter>Resource Files</Filter>
    </EmbeddedResource>
    <EmbeddedResource Include="HystorySortMethodForm.resx">
      <Filter>Resource Files</Filter>
    </EmbeddedResource>
  </ItemGroup>
</Project>